
Microsoft Visual Studio Solution File, Format Version 12.00
# Visual Studio Version 17
VisualStudioVersion = 17.4.33213.308
MinimumVisualStudioVersion = 10.0.40219.1
Project("{2150E333-8FDC-42A3-9474-1A3956D46DE8}") = "Proxy", "Proxy", "{4334DCF2-B1DE-4AF6-B7F4-53D28A97267D}"
EndProject
Project("{9A19103F-16F7-4668-BE54-9A1E7A4F7556}") = "ProxyApp", "ProxyApp\ProxyApp.csproj", "{277A11B4-9148-4B1B-90CE-FBD092580AD9}"
EndProject
Project("{2150E333-8FDC-42A3-9474-1A3956D46DE8}") = "DynamicProxy", "DynamicProxy", "{08671D38-B9F2-4E92-8CC6-CA331E7E6BBB}"
EndProject
Project("{9A19103F-16F7-4668-BE54-9A1E7A4F7556}") = "CastleDynamicProxyApp", "CastleDynamicProxyApp\CastleDynamicProxyApp.csproj", "{63A8713F-4FB0-4BA6-8F00-B75BF53B1D35}"
EndProject
Global
	GlobalSection(SolutionConfigurationPlatforms) = preSolution
		Debug|Any CPU = Debug|Any CPU
		Release|Any CPU = Release|Any CPU
	EndGlobalSection
	GlobalSection(ProjectConfigurationPlatforms) = postSolution
		{277A11B4-9148-4B1B-90CE-FBD092580AD9}.Debug|Any CPU.ActiveCfg = Debug|Any CPU
		{277A11B4-9148-4B1B-90CE-FBD092580AD9}.Debug|Any CPU.Build.0 = Debug|Any CPU
		{277A11B4-9148-4B1B-90CE-FBD092580AD9}.Release|Any CPU.ActiveCfg = Release|Any CPU
		{277A11B4-9148-4B1B-90CE-FBD092580AD9}.Release|Any CPU.Build.0 = Release|Any CPU
		{63A8713F-4FB0-4BA6-8F00-B75BF53B1D35}.Debug|Any CPU.ActiveCfg = Debug|Any CPU
		{63A8713F-4FB0-4BA6-8F00-B75BF53B1D35}.Debug|Any CPU.Build.0 = Debug|Any CPU
		{63A8713F-4FB0-4BA6-8F00-B75BF53B1D35}.Release|Any CPU.ActiveCfg = Release|Any CPU
		{63A8713F-4FB0-4BA6-8F00-B75BF53B1D35}.Release|Any CPU.Build.0 = Release|Any CPU
	EndGlobalSection
	GlobalSection(SolutionProperties) = preSolution
		HideSolutionNode = FALSE
	EndGlobalSection
	GlobalSection(NestedProjects) = preSolution
		{277A11B4-9148-4B1B-90CE-FBD092580AD9} = {4334DCF2-B1DE-4AF6-B7F4-53D28A97267D}
		{63A8713F-4FB0-4BA6-8F00-B75BF53B1D35} = {08671D38-B9F2-4E92-8CC6-CA331E7E6BBB}
	EndGlobalSection
	GlobalSection(ExtensibilityGlobals) = postSolution
		SolutionGuid = {B3CE16C3-014A-4B0A-848E-515A830292F2}
	EndGlobalSection
EndGlobal
